{
    "_readme": [
        "This file locks the dependencies of your project to a known state",
        "Read more about it at https://getcomposer.org/doc/01-basic-usage.md#installing-dependencies",
        "This file is @generated automatically"
    ],
    "content-hash": "188cf17ea059324f9fbd7f9b5375b1e1",
    "packages": [
        {
            "name": "goods/codegen",
            "version": "dev-main",
            "source": {
                "type": "git",
                "url": "https://github.com/goodawei/goodCodeGen.git",
                "reference": "8089beafe543966258ad037463ac8c710967f312"
            },
            "dist": {
                "type": "zip",
                "url": "https://api.github.com/repos/goodawei/goodCodeGen/zipball/8089beafe543966258ad037463ac8c710967f312",
                "reference": "8089beafe543966258ad037463ac8c710967f312",
                "shasum": ""
            },
            "default-branch": true,
            "type": "library",
            "autoload": {
                "psr-4": {
                    "Goods\\Rpc\\": "src/Goods/Rpc"
                }
            },
            "notification-url": "https://packagist.org/downloads/",
            "authors": [
                {
                    "name": "lihongwei",
                    "email": "lihongwei3@dankegongyu.com"
                }
            ],
            "description": "codegen",
            "support": {
                "issues": "https://github.com/goodawei/goodCodeGen/issues",
                "source": "https://github.com/goodawei/goodCodeGen/tree/main"
            },
            "time": "2020-12-07T03:59:38+00:00"
        }
    ],
    "packages-dev": [],
    "aliases": [],
    "minimum-stability": "stable",
    "stability-flags": {
        "goods/codegen": 20
    },
    "prefer-stable": false,
    "prefer-lowest": false,
    "platform": [],
    "platform-dev": [],
    "plugin-api-version": "2.0.0"
}
